// !$*UTF8*$!
{
	archiveVersion = 1;
	classes = {
	};
	objectVersion = 46;
	objects = {

/* Begin PBXBuildFile section */
		7E51846C1DF5A7930013C9A6 /* AppDelegate.swift in Sources */ = {isa = PBXBuildFile; fileRef = 7E51846B1DF5A7930013C9A6 /* AppDelegate.swift */; };
		7E51846E1DF5A7930013C9A6 /* ViewController.swift in Sources */ = {isa = PBXBuildFile; fileRef = 7E51846D1DF5A7930013C9A6 /* ViewController.swift */; };
		7E5184711DF5A7930013C9A6 /* Main.storyboard in Resources */ = {isa = PBXBuildFile; fileRef = 7E51846F1DF5A7930013C9A6 /* Main.storyboard */; };
		7E5184731DF5A7930013C9A6 /* Assets.xcassets in Resources */ = {isa = PBXBuildFile; fileRef = 7E5184721DF5A7930013C9A6 /* Assets.xcassets */; };
		7E5184761DF5A7930013C9A6 /* LaunchScreen.storyboard in Resources */ = {isa = PBXBuildFile; fileRef = 7E5184741DF5A7930013C9A6 /* LaunchScreen.storyboard */; };
		7E5184811DF5A7930013C9A6 /* SecondKadaiAppTests.swift in Sources */ = {isa = PBXBuildFile; fileRef = 7E5184801DF5A7930013C9A6 /* SecondKadaiAppTests.swift */; };
		7E51848C1DF5A7940013C9A6 /* SecondKadaiAppUITests.swift in Sources */ = {isa = PBXBuildFile; fileRef = 7E51848B1DF5A7940013C9A6 /* SecondKadaiAppUITests.swift */; };
		7ECE391D1DF874B4005B37C1 /* DisplayController.swift in Sources */ = {isa = PBXBuildFile; fileRef = 7ECE391C1DF874B4005B37C1 /* DisplayController.swift */; };
/* End PBXBuildFile section */

/* Begin PBXContainerItemProxy section */
		7E51847D1DF5A7930013C9A6 /* PBXContainerItemProxy */ = {
			isa = PBXContainerItemProxy;
			containerPortal = 7E5184601DF5A7930013C9A6 /* Project object */;
			proxyType = 1;
			remoteGlobalIDString = 7E5184671DF5A7930013C9A6;
			remoteInfo = SecondKadaiApp;
		};
		7E5184881DF5A7930013C9A6 /* PBXContainerItemProxy */ = {
			isa = PBXContainerItemProxy;
			containerPortal = 7E5184601DF5A7930013C9A6 /* Project object */;
			proxyType = 1;
			remoteGlobalIDString = 7E5184671DF5A7930013C9A6;
			remoteInfo = SecondKadaiApp;
		};
/* End PBXContainerItemProxy section */

/* Begin PBXFileReference section */
		7E5184681DF5A7930013C9A6 /* SecondKadaiApp.app */ = {isa = PBXFileReference; explicitFileType = wrapper.application; includeInIndex = 0; path = SecondKadaiApp.app; sourceTree = BUILT_PRODUCTS_DIR; };
		7E51846B1DF5A7930013C9A6 /* AppDelegate.swift */ = {isa = PBXFileReference; lastKnownFileType = sourcecode.swift; path = AppDelegate.swift; sourceTree = "<group>"; };
		7E51846D1DF5A7930013C9A6 /* ViewController.swift */ = {isa = PBXFileReference; lastKnownFileType = sourcecode.swift; path = ViewController.swift; sourceTree = "<group>"; };
		7E5184701DF5A7930013C9A6 /* Base */ = {isa = PBXFileReference; lastKnownFileType = file.storyboard; name = Base; path = Base.lproj/Main.storyboard; sourceTree = "<group>"; };
		7E5184721DF5A7930013C9A6 /* Assets.xcassets */ = {isa = PBXFileReference; lastKnownFileType = folder.assetcatalog; path = Assets.xcassets; sourceTree = "<group>"; };
		7E5184751DF5A7930013C9A6 /* Base */ = {isa = PBXFileReference; lastKnownFileType = file.storyboard; name = Base; path = Base.lproj/LaunchScreen.storyboard; sourceTree = "<group>"; };
		7E5184771DF5A7930013C9A6 /* Info.plist */ = {isa = PBXFileReference; lastKnownFileType = text.plist.xml; path = Info.plist; sourceTree = "<group>"; };
		7E51847C1DF5A7930013C9A6 /* SecondKadaiAppTests.xctest */ = {isa = PBXFileReference; explicitFileType = wrapper.cfbundle; includeInIndex = 0; path = SecondKadaiAppTests.xctest; sourceTree = BUILT_PRODUCTS_DIR; };
		7E5184801DF5A7930013C9A6 /* SecondKadaiAppTests.swift */ = {isa = PBXFileReference; lastKnownFileType = sourcecode.swift; path = SecondKadaiAppTests.swift; sourceTree = "<group>"; };
		7E5184821DF5A7930013C9A6 /* Info.plist */ = {isa = PBXFileReference; lastKnownFileType = text.plist.xml; path = Info.plist; sourceTree = "<group>"; };
		7E5184871DF5A7930013C9A6 /* SecondKadaiAppUITests.xctest */ = {isa = PBXFileReference; explicitFileType = wrapper.cfbundle; includeInIndex = 0; path = SecondKadaiAppUITests.xctest; sourceTree = BUILT_PRODUCTS_DIR; };
		7E51848B1DF5A7940013C9A6 /* SecondKadaiAppUITests.swift */ = {isa = PBXFileReference; lastKnownFileType = sourcecode.swift; path = SecondKadaiAppUITests.swift; sourceTree = "<group>"; };
		7E51848D1DF5A7940013C9A6 /* Info.plist */ = {isa = PBXFileReference; lastKnownFileType = text.plist.xml; path = Info.plist; sourceTree = "<group>"; };
		7ECE391C1DF874B4005B37C1 /* DisplayController.swift */ = {isa = PBXFileReference; fileEncoding = 4; lastKnownFileType = sourcecode.swift; path = DisplayController.swift; sourceTree = "<group>"; };
/* End PBXFileReference section */

/* Begin PBXFrameworksBuildPhase section */
		7E5184651DF5A7930013C9A6 /* Frameworks */ = {
			isa = PBXFrameworksBuildPhase;
			buildActionMask = 2147483647;
			files = (
			);
			runOnlyForDeploymentPostprocessing = 0;
		};
		7E5184791DF5A7930013C9A6 /* Frameworks */ = {
			isa = PBXFrameworksBuildPhase;
			buildActionMask = 2147483647;
			files = (
			);
			runOnlyForDeploymentPostprocessing = 0;
		};
		7E5184841DF5A7930013C9A6 /* Frameworks */ = {
			isa = PBXFrameworksBuildPhase;
			buildActionMask = 2147483647;
			files = (
			);
			runOnlyForDeploymentPostprocessing = 0;
		};
/* End PBXFrameworksBuildPhase section */

/* Begin PBXGroup section */
		7E51845F1DF5A7930013C9A6 = {
			isa = PBXGroup;
			children = (
				7E51846A1DF5A7930013C9A6 /* SecondKadaiApp */,
				7E51847F1DF5A7930013C9A6 /* SecondKadaiAppTests */,
				7E51848A1DF5A7940013C9A6 /* SecondKadaiAppUITests */,
				7E5184691DF5A7930013C9A6 /* Products */,
			);
			sourceTree = "<group>";
		};
		7E5184691DF5A7930013C9A6 /* Products */ = {
			isa = PBXGroup;
			children = (
				7E5184681DF5A7930013C9A6 /* SecondKadaiApp.app */,
				7E51847C1DF5A7930013C9A6 /* SecondKadaiAppTests.xctest */,
				7E5184871DF5A7930013C9A6 /* SecondKadaiAppUITests.xctest */,
			);
			name = Products;
			sourceTree = "<group>";
		};
		7E51846A1DF5A7930013C9A6 /* SecondKadaiApp */ = {
			isa = PBXGroup;
			children = (
				7E51846B1DF5A7930013C9A6 /* AppDelegate.swift */,
				7E51846D1DF5A7930013C9A6 /* ViewController.swift */,
				7E51846F1DF5A7930013C9A6 /* Main.storyboard */,
				7ECE391C1DF874B4005B37C1 /* DisplayController.swift */,
				7E5184721DF5A7930013C9A6 /* Assets.xcassets */,
				7E5184741DF5A7930013C9A6 /* LaunchScreen.storyboard */,
				7E5184771DF5A7930013C9A6 /* Info.plist */,
			);
			path = SecondKadaiApp;
			sourceTree = "<group>";
		};
		7E51847F1DF5A7930013C9A6 /* SecondKadaiAppTests */ = {
			isa = PBXGroup;
			children = (
				7E5184801DF5A7930013C9A6 /* SecondKadaiAppTests.swift */,
				7E5184821DF5A7930013C9A6 /* Info.plist */,
			);
			path = SecondKadaiAppTests;
			sourceTree = "<group>";
		};
		7E51848A1DF5A7940013C9A6 /* SecondKadaiAppUITests */ = {
			isa = PBXGroup;
			children = (
				7E51848B1DF5A7940013C9A6 /* SecondKadaiAppUITests.swift */,
				7E51848D1DF5A7940013C9A6 /* Info.plist */,
			);
			path = SecondKadaiAppUITests;
			sourceTree = "<group>";
		};
/* End PBXGroup section */

/* Begin PBXNativeTarget section */
		7E5184671DF5A7930013C9A6 /* SecondKadaiApp */ = {
			isa = PBXNativeTarget;
			buildConfigurationList = 7E5184901DF5A7940013C9A6 /* Build configuration list for PBXNativeTarget "SecondKadaiApp" */;
			buildPhases = (
				7E5184641DF5A7930013C9A6 /* Sources */,
				7E5184651DF5A7930013C9A6 /* Frameworks */,
				7E5184661DF5A7930013C9A6 /* Resources */,
			);
			buildRules = (
			);
			dependencies = (
			);
			name = SecondKadaiApp;
			productName = SecondKadaiApp;
			productReference = 7E5184681DF5A7930013C9A6 /* SecondKadaiApp.app */;
			productType = "com.apple.product-type.application";
		};
		7E51847B1DF5A7930013C9A6 /* SecondKadaiAppTests */ = {
			isa = PBXNativeTarget;
			buildConfigurationList = 7E5184931DF5A7940013C9A6 /* Build configuration list for PBXNativeTarget "SecondKadaiAppTests" */;
			buildPhases = (
				7E5184781DF5A7930013C9A6 /* Sources */,
				7E5184791DF5A7930013C9A6 /* Frameworks */,
				7E51847A1DF5A7930013C9A6 /* Resources */,
			);
			buildRules = (
			);
			dependencies = (
				7E51847E1DF5A7930013C9A6 /* PBXTargetDependency */,
			);
			name = SecondKadaiAppTests;
			productName = SecondKadaiAppTests;
			productReference = 7E51847C1DF5A7930013C9A6 /* SecondKadaiAppTests.xctest */;
			productType = "com.apple.product-type.bundle.unit-test";
		};
		7E5184861DF5A7930013C9A6 /* SecondKadaiAppUITests */ = {
			isa = PBXNativeTarget;
			buildConfigurationList = 7E5184961DF5A7940013C9A6 /* Build configuration list for PBXNativeTarget "SecondKadaiAppUITests" */;
			buildPhases = (
				7E5184831DF5A7930013C9A6 /* Sources */,
				7E5184841DF5A7930013C9A6 /* Frameworks */,
				7E5184851DF5A7930013C9A6 /* Resources */,
			);
			buildRules = (
			);
			dependencies = (
				7E5184891DF5A7930013C9A6 /* PBXTargetDependency */,
			);
			name = SecondKadaiAppUITests;
			productName = SecondKadaiAppUITests;
			productReference = 7E5184871DF5A7930013C9A6 /* SecondKadaiAppUITests.xctest */;
			productType = "com.apple.product-type.bundle.ui-testing";
		};
/* End PBXNativeTarget section */

/* Begin PBXProject section */
		7E5184601DF5A7930013C9A6 /* Project object */ = {
			isa = PBXProject;
			attributes = {
				LastSwiftUpdateCheck = 0810;
				LastUpgradeCheck = 0810;
				ORGANIZATIONNAME = "Ichirou Okada";
				TargetAttributes = {
					7E5184671DF5A7930013C9A6 = {
						CreatedOnToolsVersion = 8.1;
						DevelopmentTeam = UW7CN42XF2;
						ProvisioningStyle = Automatic;
					};
					7E51847B1DF5A7930013C9A6 = {
						CreatedOnToolsVersion = 8.1;
						ProvisioningStyle = Automatic;
						TestTargetID = 7E5184671DF5A7930013C9A6;
					};
					7E5184861DF5A7930013C9A6 = {
						CreatedOnToolsVersion = 8.1;
						ProvisioningStyle = Automatic;
						TestTargetID = 7E5184671DF5A7930013C9A6;
					};
				};
			};
			buildConfigurationList = 7E5184631DF5A7930013C9A6 /* Build configuration list for PBXProject "SecondKadaiApp" */;
			compatibilityVersion = "Xcode 3.2";
			developmentRegion = English;
			hasScannedForEncodings = 0;
			knownRegions = (
				en,
				Base,
			);
			mainGroup = 7E51845F1DF5A7930013C9A6;
			productRefGroup = 7E5184691DF5A7930013C9A6 /* Products */;
			projectDirPath = "";
			projectRoot = "";
			targets = (
				7E5184671DF5A7930013C9A6 /* SecondKadaiApp */,
				7E51847B1DF5A7930013C9A6 /* SecondKadaiAppTests */,
				7E5184861DF5A7930013C9A6 /* SecondKadaiAppUITests */,
			);
		};
/* End PBXProject section */

/* Begin PBXResourcesBuildPhase section */
		7E5184661DF5A7930013C9A6 /* Resources */ = {
			isa = PBXResourcesBuildPhase;
			buildActionMask = 2147483647;
			files = (
				7E5184761DF5A7930013C9A6 /* LaunchScreen.storyboard in Resources */,
				7E5184731DF5A7930013C9A6 /* Assets.xcassets in Resources */,
				7E5184711DF5A7930013C9A6 /* Main.storyboard in Resources */,
			);
			runOnlyForDeploymentPostprocessing = 0;
		};
		7E51847A1DF5A7930013C9A6 /* Resources */ = {
			isa = PBXResourcesBuildPhase;
			buildActionMask = 2147483647;
			files = (
			);
			runOnlyForDeploymentPostprocessing = 0;
		};
		7E5184851DF5A7930013C9A6 /* Resources */ = {
			isa = PBXResourcesBuildPhase;
			buildActionMask = 2147483647;
			files = (
			);
			runOnlyForDeploymentPostprocessing = 0;
		};
/* End PBXResourcesBuildPhase section */

/* Begin PBXSourcesBuildPhase section */
		7E5184641DF5A7930013C9A6 /* Sources */ = {
			isa = PBXSourcesBuildPhase;
			buildActionMask = 2147483647;
			files = (
				7E51846E1DF5A7930013C9A6 /* ViewController.swift in Sources */,
				7E51846C1DF5A7930013C9A6 /* AppDelegate.swift in Sources */,
				7ECE391D1DF874B4005B37C1 /* DisplayController.swift in Sources */,
			);
			runOnlyForDeploymentPostprocessing = 0;
		};
		7E5184781DF5A7930013C9A6 /* Sources */ = {
			isa = PBXSourcesBuildPhase;
			buildActionMask = 2147483647;
			files = (
				7E5184811DF5A7930013C9A6 /* SecondKadaiAppTests.swift in Sources */,
			);
			runOnlyForDeploymentPostprocessing = 0;
		};
		7E5184831DF5A7930013C9A6 /* Sources */ = {
			isa = PBXSourcesBuildPhase;
			buildActionMask = 2147483647;
			files = (
				7E51848C1DF5A7940013C9A6 /* SecondKadaiAppUITests.swift in Sources */,
			);
			runOnlyForDeploymentPostprocessing = 0;
		};
/* End PBXSourcesBuildPhase section */

/* Begin PBXTargetDependency section */
		7E51847E1DF5A7930013C9A6 /* PBXTargetDependency */ = {
			isa = PBXTargetDependency;
			target = 7E5184671DF5A7930013C9A6 /* SecondKadaiApp */;
			targetProxy = 7E51847D1DF5A7930013C9A6 /* PBXContainerItemProxy */;
		};
		7E5184891DF5A7930013C9A6 /* PBXTargetDependency */ = {
			isa = PBXTargetDependency;
			target = 7E5184671DF5A7930013C9A6 /* SecondKadaiApp */;
			targetProxy = 7E5184881DF5A7930013C9A6 /* PBXContainerItemProxy */;
		};
/* End PBXTargetDependency section */

/* Begin PBXVariantGroup section */
		7E51846F1DF5A7930013C9A6 /* Main.storyboard */ = {
			isa = PBXVariantGroup;
			children = (
				7E5184701DF5A7930013C9A6 /* Base */,
			);
			name = Main.storyboard;
			sourceTree = "<group>";
		};
		7E5184741DF5A7930013C9A6 /* LaunchScreen.storyboard */ = {
			isa = PBXVariantGroup;
			children = (
				7E5184751DF5A7930013C9A6 /* Base */,
			);
			name = LaunchScreen.storyboard;
			sourceTree = "<group>";
		};
/* End PBXVariantGroup section */

/* Begin XCBuildConfiguration section */
		7E51848E1DF5A7940013C9A6 /* Debug */ = {
			isa = XCBuildConfiguration;
			buildSettings = {
				ALWAYS_SEARCH_USER_PATHS = NO;
				CLANG_ANALYZER_NONNULL = YES;
				CLANG_CXX_LANGUAGE_STANDARD = "gnu++0x";
				CLANG_CXX_LIBRARY = "libc++";
				CLANG_ENABLE_MODULES = YES;
				CLANG_ENABLE_OBJC_ARC = YES;
				CLANG_WARN_BOOL_CONVERSION = YES;
				CLANG_WARN_CONSTANT_CONVERSION = YES;
				CLANG_WARN_DIRECT_OBJC_ISA_USAGE = YES_ERROR;
				CLANG_WARN_DOCUMENTATION_COMMENTS = YES;
				CLANG_WARN_EMPTY_BODY = YES;
				CLANG_WARN_ENUM_CONVERSION = YES;
				CLANG_WARN_INFINITE_RECURSION = YES;
				CLANG_WARN_INT_CONVERSION = YES;
				CLANG_WARN_OBJC_ROOT_CLASS = YES_ERROR;
				CLANG_WARN_SUSPICIOUS_MOVES = YES;
				CLANG_WARN_UNREACHABLE_CODE = YES;
				CLANG_WARN__DUPLICATE_METHOD_MATCH = YES;
				"CODE_SIGN_IDENTITY[sdk=iphoneos*]" = "iPhone Developer";
				COPY_PHASE_STRIP = NO;
				DEBUG_INFORMATION_FORMAT = dwarf;
				ENABLE_STRICT_OBJC_MSGSEND = YES;
				ENABLE_TESTABILITY = YES;
				GCC_C_LANGUAGE_STANDARD = gnu99;
				GCC_DYNAMIC_NO_PIC = NO;
				GCC_NO_COMMON_BLOCKS = YES;
				GCC_OPTIMIZATION_LEVEL = 0;
				GCC_PREPROCESSOR_DEFINITIONS = (
					"DEBUG=1",
					"$(inherited)",
				);
				GCC_WARN_64_TO_32_BIT_CONVERSION = YES;
				GCC_WARN_ABOUT_RETURN_TYPE = YES_ERROR;
				GCC_WARN_UNDECLARED_SELECTOR = YES;
				GCC_WARN_UNINITIALIZED_AUTOS = YES_AGGRESSIVE;
				GCC_WARN_UNUSED_FUNCTION = YES;
				GCC_WARN_UNUSED_VARIABLE = YES;
				IPHONEOS_DEPLOYMENT_TARGET = 10.1;
				MTL_ENABLE_DEBUG_INFO = YES;
				ONLY_ACTIVE_ARCH = YES;
				SDKROOT = iphoneos;
				SWIFT_ACTIVE_COMPILATION_CONDITIONS = DEBUG;
				SWIFT_OPTIMIZATION_LEVEL = "-Onone";
			};
			name = Debug;
		};
		7E51848F1DF5A7940013C9A6 /* Release */ = {
			isa = XCBuildConfiguration;
			buildSettings = {
				ALWAYS_SEARCH_USER_PATHS = NO;
				CLANG_ANALYZER_NONNULL = YES;
				CLANG_CXX_LANGUAGE_STANDARD = "gnu++0x";
				CLANG_CXX_LIBRARY = "libc++";
				CLANG_ENABLE_MODULES = YES;
				CLANG_ENABLE_OBJC_ARC = YES;
				CLANG_WARN_BOOL_CONVERSION = YES;
				CLANG_WARN_CONSTANT_CONVERSION = YES;
				CLANG_WARN_DIRECT_OBJC_ISA_USAGE = YES_ERROR;
				CLANG_WARN_DOCUMENTATION_COMMENTS = YES;
				CLANG_WARN_EMPTY_BODY = YES;
				CLANG_WARN_ENUM_CONVERSION = YES;
				CLANG_WARN_INFINITE_RECURSION = YES;
				CLANG_WARN_INT_CONVERSION = YES;
				CLANG_WARN_OBJC_ROOT_CLASS = YES_ERROR;
				CLANG_WARN_SUSPICIOUS_MOVES = YES;
				CLANG_WARN_UNREACHABLE_CODE = YES;
				CLANG_WARN__DUPLICATE_METHOD_MATCH = YES;
				"CODE_SIGN_IDENTITY[sdk=iphoneos*]" = "iPhone Developer";
				COPY_PHASE_STRIP = NO;
				DEBUG_INFORMATION_FORMAT = "dwarf-with-dsym";
				ENABLE_NS_ASSERTIONS = NO;
				ENABLE_STRICT_OBJC_MSGSEND = YES;
				GCC_C_LANGUAGE_STANDARD = gnu99;
				GCC_NO_COMMON_BLOCKS = YES;
				GCC_WARN_64_TO_32_BIT_CONVERSION = YES;
				GCC_WARN_ABOUT_RETURN_TYPE = YES_ERROR;
				GCC_WARN_UNDECLARED_SELECTOR = YES;
				GCC_WARN_UNINITIALIZED_AUTOS = YES_AGGRESSIVE;
				GCC_WARN_UNUSED_FUNCTION = YES;
				GCC_WARN_UNUSED_VARIABLE = YES;
				IPHONEOS_DEPLOYMENT_TARGET = 10.1;
				MTL_ENABLE_DEBUG_INFO = NO;
				SDKROOT = iphoneos;
				SWIFT_OPTIMIZATION_LEVEL = "-Owholemodule";
				VALIDATE_PRODUCT = YES;
			};
			name = Release;
		};
		7E5184911DF5A7940013C9A6 /* Debug */ = {
			isa = XCBuildConfiguration;
			buildSettings = {
				ASSETCATALOG_COMPILER_APPICON_NAME = AppIcon;
				DEVELOPMENT_TEAM = UW7CN42XF2;
				INFOPLIST_FILE = SecondKadaiApp/Info.plist;
				LD_RUNPATH_SEARCH_PATHS = "$(inherited) @executable_path/Frameworks";
				PRODUCT_BUNDLE_IDENTIFIER = jp.techacademy.ichirou.okada.SecondKadaiApp;
				PRODUCT_NAME = "$(TARGET_NAME)";
				SWIFT_VERSION = 3.0;
			};
			name = Debug;
		};
		7E5184921DF5A7940013C9A6 /* Release */ = {
			isa = XCBuildConfiguration;
			buildSettings = {
				ASSETCATALOG_COMPILER_APPICON_NAME = AppIcon;
				DEVELOPMENT_TEAM = UW7CN42XF2;
				INFOPLIST_FILE = SecondKadaiApp/Info.plist;
				LD_RUNPATH_SEARCH_PATHS = "$(inherited) @executable_path/Frameworks";
				PRODUCT_BUNDLE_IDENTIFIER = jp.techacademy.ichirou.okada.SecondKadaiApp;
				PRODUCT_NAME = "$(TARGET_NAME)";
				SWIFT_VERSION = 3.0;
			};
			name = Release;
		};
		7E5184941DF5A7940013C9A6 /* Debug */ = {
			isa = XCBuildConfiguration;
			buildSettings = {
				ALWAYS_EMBED_SWIFT_STANDARD_LIBRARIES = YES;
				BUNDLE_LOADER = "$(TEST_HOST)";
				INFOPLIST_FILE = SecondKadaiAppTests/Info.plist;
				LD_RUNPATH_SEARCH_PATHS = "$(inherited) @executable_path/Frameworks @loader_path/Frameworks";
				PRODUCT_BUNDLE_IDENTIFIER = jp.techacademy.ichirou.okada.SecondKadaiAppTests;
				PRODUCT_NAME = "$(TARGET_NAME)";
				SWIFT_VERSION = 3.0;
				TEST_HOST = "$(BUILT_PRODUCTS_DIR)/SecondKadaiApp.app/SecondKadaiApp";
			};
			name = Debug;
		};
		7E5184951DF5A7940013C9A6 /* Release */ = {
			isa = XCBuildConfiguration;
			buildSettings = {
				ALWAYS_EMBED_SWIFT_STANDARD_LIBRARIES = YES;
				BUNDLE_LOADER = "$(TEST_HOST)";
				INFOPLIST_FILE = SecondKadaiAppTests/Info.plist;
				LD_RUNPATH_SEARCH_PATHS = "$(inherited) @executable_path/Frameworks @loader_path/Frameworks";
				PRODUCT_BUNDLE_IDENTIFIER = jp.techacademy.ichirou.okada.SecondKadaiAppTests;
				PRODUCT_NAME = "$(TARGET_NAME)";
				SWIFT_VERSION = 3.0;
				TEST_HOST = "$(BUILT_PRODUCTS_DIR)/SecondKadaiApp.app/SecondKadaiApp";
			};
			name = Release;
		};
		7E5184971DF5A7940013C9A6 /* Debug */ = {
			isa = XCBuildConfiguration;
			buildSettings = {
				ALWAYS_EMBED_SWIFT_STANDARD_LIBRARIES = YES;
				INFOPLIST_FILE = SecondKadaiAppUITests/Info.plist;
				LD_RUNPATH_SEARCH_PATHS = "$(inherited) @executable_path/Frameworks @loader_path/Frameworks";
				PRODUCT_BUNDLE_IDENTIFIER = jp.techacademy.ichirou.okada.SecondKadaiAppUITests;
				PRODUCT_NAME = "$(TARGET_NAME)";
				SWIFT_VERSION = 3.0;
				TEST_TARGET_NAME = SecondKadaiApp;
			};
			name = Debug;
		};
		7E5184981DF5A7940013C9A6 /* Release */ = {
			isa = XCBuildConfiguration;
			buildSettings = {
				ALWAYS_EMBED_SWIFT_STANDARD_LIBRARIES = YES;
				INFOPLIST_FILE = SecondKadaiAppUITests/Info.plist;
				LD_RUNPATH_SEARCH_PATHS = "$(inherited) @executable_path/Frameworks @loader_path/Frameworks";
				PRODUCT_BUNDLE_IDENTIFIER = jp.techacademy.ichirou.okada.SecondKadaiAppUITests;
				PRODUCT_NAME = "$(TARGET_NAME)";
				SWIFT_VERSION = 3.0;
				TEST_TARGET_NAME = SecondKadaiApp;
			};
			name = Release;
		};
/* End XCBuildConfiguration section */

/* Begin XCConfigurationList section */
		7E5184631DF5A7930013C9A6 /* Build configuration list for PBXProject "SecondKadaiApp" */ = {
			isa = XCConfigurationList;
			buildConfigurations = (
				7E51848E1DF5A7940013C9A6 /* Debug */,
				7E51848F1DF5A7940013C9A6 /* Release */,
			);
			defaultConfigurationIsVisible = 0;
			defaultConfigurationName = Release;
		};
		7E5184901DF5A7940013C9A6 /* Build configuration list for PBXNativeTarget "SecondKadaiApp" */ = {
			isa = XCConfigurationList;
			buildConfigurations = (
				7E5184911DF5A7940013C9A6 /* Debug */,
				7E5184921DF5A7940013C9A6 /* Release */,
			);
			defaultConfigurationIsVisible = 0;
			defaultConfigurationName = Release;
		};
		7E5184931DF5A7940013C9A6 /* Build configuration list for PBXNativeTarget "SecondKadaiAppTests" */ = {
			isa = XCConfigurationList;
			buildConfigurations = (
				7E5184941DF5A7940013C9A6 /* Debug */,
				7E5184951DF5A7940013C9A6 /* Release */,
			);
			defaultConfigurationIsVisible = 0;
			defaultConfigurationName = Release;
		};
		7E5184961DF5A7940013C9A6 /* Build configuration list for PBXNativeTarget "SecondKadaiAppUITests" */ = {
			isa = XCConfigurationList;
			buildConfigurations = (
				7E5184971DF5A7940013C9A6 /* Debug */,
				7E5184981DF5A7940013C9A6 /* Release */,
			);
			defaultConfigurationIsVisible = 0;
			defaultConfigurationName = Release;
		};
/* End XCConfigurationList section */
	};
	rootObject = 7E5184601DF5A7930013C9A6 /* Project object */;
}
